
Microsoft Visual Studio Solution File, Format Version 12.00
# Visual Studio 15
VisualStudioVersion = 15.0.28307.1169
MinimumVisualStudioVersion = 10.0.40219.1
Project("{FAE04EC0-301F-11D3-BF4B-00C04F79EFBC}") = "LessonWebApi1", "LessonWebApi1\LessonWebApi1.csproj", "{C3D2BF40-C32B-405D-997E-00707DFF2DE4}"
EndProject
Global
	GlobalSection(SolutionConfigurationPlatforms) = preSolution
		Debug|Any CPU = Debug|Any CPU
		Release|Any CPU = Release|Any CPU
	EndGlobalSection
	GlobalSection(ProjectConfigurationPlatforms) = postSolution
		{C3D2BF40-C32B-405D-997E-00707DFF2DE4}.Debug|Any CPU.ActiveCfg = Debug|Any CPU
		{C3D2BF40-C32B-405D-997E-00707DFF2DE4}.Debug|Any CPU.Build.0 = Debug|Any CPU
		{C3D2BF40-C32B-405D-997E-00707DFF2DE4}.Release|Any CPU.ActiveCfg = Release|Any CPU
		{C3D2BF40-C32B-405D-997E-00707DFF2DE4}.Release|Any CPU.Build.0 = Release|Any CPU
	EndGlobalSection
	GlobalSection(SolutionProperties) = preSolution
		HideSolutionNode = FALSE
	EndGlobalSection
	GlobalSection(ExtensibilityGlobals) = postSolution
		SolutionGuid = {6BD9B668-19A3-43AE-AB1F-9ECE267EEE3C}
	EndGlobalSection
EndGlobal
